
Microsoft Visual Studio Solution File, Format Version 12.00
# Visual Studio Version 17
VisualStudioVersion = 17.4.33213.308
MinimumVisualStudioVersion = 10.0.40219.1
Project("{FAE04EC0-301F-11D3-BF4B-00C04F79EFBC}") = "CleanArchitictureInfrastructure", "CleanArchitictureInfrastructure\CleanArchitictureInfrastructure.csproj", "{5F5767AB-E79F-46CA-817C-658A1F476EA0}"
EndProject
Project("{2150E333-8FDC-42A3-9474-1A3956D46DE8}") = "SRC", "SRC", "{7E40C934-1C13-4B34-B495-57F76DEA79FD}"
EndProject
Project("{2150E333-8FDC-42A3-9474-1A3956D46DE8}") = "TEST", "TEST", "{E308EF70-312D-472B-8C74-160F1F6312A5}"
EndProject
Project("{2150E333-8FDC-42A3-9474-1A3956D46DE8}") = "Host", "Host", "{6A82ED1B-2EE8-46FD-B501-C39CEC63EC1E}"
EndProject
Project("{2150E333-8FDC-42A3-9474-1A3956D46DE8}") = "Infra", "Infra", "{DFB80CA6-D724-4460-A6D9-875F341519FE}"
EndProject
Project("{2150E333-8FDC-42A3-9474-1A3956D46DE8}") = "Persistance", "Persistance", "{3D94A41C-056F-4EF4-8322-877E2DAE1679}"
EndProject
Project("{2150E333-8FDC-42A3-9474-1A3956D46DE8}") = "Application", "Application", "{6F8A02A9-F50A-47AC-83F0-CC9BE668B56D}"
EndProject
Project("{2150E333-8FDC-42A3-9474-1A3956D46DE8}") = "Core", "Core", "{521FBADC-0F84-4AA0-B1EC-02D340439B5E}"
EndProject
Project("{2150E333-8FDC-42A3-9474-1A3956D46DE8}") = "Domain", "Domain", "{FB34FB6B-0D06-444F-B7F9-42B3256379FD}"
EndProject
Project("{2150E333-8FDC-42A3-9474-1A3956D46DE8}") = "Infrastructure", "Infrastructure", "{68563232-94A1-48C2-93FB-AFE65E6DEDAA}"
EndProject
Project("{FAE04EC0-301F-11D3-BF4B-00C04F79EFBC}") = "ApplicationLibrary", "ApplicationLibrary\ApplicationLibrary.csproj", "{850B4E54-C28B-43C3-B07B-DCA90D7A5CE5}"
EndProject
Project("{FAE04EC0-301F-11D3-BF4B-00C04F79EFBC}") = "DomainLibrary", "DomainLibrary\DomainLibrary.csproj", "{2BE83EA4-BA9E-417F-8404-9114370C722B}"
EndProject
Project("{FAE04EC0-301F-11D3-BF4B-00C04F79EFBC}") = "InfrastructureLibrary", "InfrastructureLibrary\InfrastructureLibrary.csproj", "{6AFEB39A-BD54-49AE-B4E7-1C0550EC4431}"
EndProject
Project("{FAE04EC0-301F-11D3-BF4B-00C04F79EFBC}") = "PersistanceLibrary", "PersistanceLibrary\PersistanceLibrary.csproj", "{1475616D-4CDA-4009-96D6-C2417271DC4F}"
EndProject
Global
	GlobalSection(SolutionConfigurationPlatforms) = preSolution
		Debug|Any CPU = Debug|Any CPU
		Release|Any CPU = Release|Any CPU
	EndGlobalSection
	GlobalSection(ProjectConfigurationPlatforms) = postSolution
		{5F5767AB-E79F-46CA-817C-658A1F476EA0}.Debug|Any CPU.ActiveCfg = Debug|Any CPU
		{5F5767AB-E79F-46CA-817C-658A1F476EA0}.Debug|Any CPU.Build.0 = Debug|Any CPU
		{5F5767AB-E79F-46CA-817C-658A1F476EA0}.Release|Any CPU.ActiveCfg = Release|Any CPU
		{5F5767AB-E79F-46CA-817C-658A1F476EA0}.Release|Any CPU.Build.0 = Release|Any CPU
		{850B4E54-C28B-43C3-B07B-DCA90D7A5CE5}.Debug|Any CPU.ActiveCfg = Debug|Any CPU
		{850B4E54-C28B-43C3-B07B-DCA90D7A5CE5}.Debug|Any CPU.Build.0 = Debug|Any CPU
		{850B4E54-C28B-43C3-B07B-DCA90D7A5CE5}.Release|Any CPU.ActiveCfg = Release|Any CPU
		{850B4E54-C28B-43C3-B07B-DCA90D7A5CE5}.Release|Any CPU.Build.0 = Release|Any CPU
		{2BE83EA4-BA9E-417F-8404-9114370C722B}.Debug|Any CPU.ActiveCfg = Debug|Any CPU
		{2BE83EA4-BA9E-417F-8404-9114370C722B}.Debug|Any CPU.Build.0 = Debug|Any CPU
		{2BE83EA4-BA9E-417F-8404-9114370C722B}.Release|Any CPU.ActiveCfg = Release|Any CPU
		{2BE83EA4-BA9E-417F-8404-9114370C722B}.Release|Any CPU.Build.0 = Release|Any CPU
		{6AFEB39A-BD54-49AE-B4E7-1C0550EC4431}.Debug|Any CPU.ActiveCfg = Debug|Any CPU
		{6AFEB39A-BD54-49AE-B4E7-1C0550EC4431}.Debug|Any CPU.Build.0 = Debug|Any CPU
		{6AFEB39A-BD54-49AE-B4E7-1C0550EC4431}.Release|Any CPU.ActiveCfg = Release|Any CPU
		{6AFEB39A-BD54-49AE-B4E7-1C0550EC4431}.Release|Any CPU.Build.0 = Release|Any CPU
		{1475616D-4CDA-4009-96D6-C2417271DC4F}.Debug|Any CPU.ActiveCfg = Debug|Any CPU
		{1475616D-4CDA-4009-96D6-C2417271DC4F}.Debug|Any CPU.Build.0 = Debug|Any CPU
		{1475616D-4CDA-4009-96D6-C2417271DC4F}.Release|Any CPU.ActiveCfg = Release|Any CPU
		{1475616D-4CDA-4009-96D6-C2417271DC4F}.Release|Any CPU.Build.0 = Release|Any CPU
	EndGlobalSection
	GlobalSection(SolutionProperties) = preSolution
		HideSolutionNode = FALSE
	EndGlobalSection
	GlobalSection(NestedProjects) = preSolution
		{5F5767AB-E79F-46CA-817C-658A1F476EA0} = {6A82ED1B-2EE8-46FD-B501-C39CEC63EC1E}
		{6A82ED1B-2EE8-46FD-B501-C39CEC63EC1E} = {7E40C934-1C13-4B34-B495-57F76DEA79FD}
		{DFB80CA6-D724-4460-A6D9-875F341519FE} = {7E40C934-1C13-4B34-B495-57F76DEA79FD}
		{3D94A41C-056F-4EF4-8322-877E2DAE1679} = {DFB80CA6-D724-4460-A6D9-875F341519FE}
		{6F8A02A9-F50A-47AC-83F0-CC9BE668B56D} = {521FBADC-0F84-4AA0-B1EC-02D340439B5E}
		{521FBADC-0F84-4AA0-B1EC-02D340439B5E} = {7E40C934-1C13-4B34-B495-57F76DEA79FD}
		{FB34FB6B-0D06-444F-B7F9-42B3256379FD} = {521FBADC-0F84-4AA0-B1EC-02D340439B5E}
		{68563232-94A1-48C2-93FB-AFE65E6DEDAA} = {DFB80CA6-D724-4460-A6D9-875F341519FE}
		{850B4E54-C28B-43C3-B07B-DCA90D7A5CE5} = {6F8A02A9-F50A-47AC-83F0-CC9BE668B56D}
		{2BE83EA4-BA9E-417F-8404-9114370C722B} = {FB34FB6B-0D06-444F-B7F9-42B3256379FD}
		{6AFEB39A-BD54-49AE-B4E7-1C0550EC4431} = {68563232-94A1-48C2-93FB-AFE65E6DEDAA}
		{1475616D-4CDA-4009-96D6-C2417271DC4F} = {3D94A41C-056F-4EF4-8322-877E2DAE1679}
	EndGlobalSection
	GlobalSection(ExtensibilityGlobals) = postSolution
		SolutionGuid = {0DDCB1BD-027C-416E-9B61-0A312BFD28A6}
	EndGlobalSection
EndGlobal
