
Microsoft Visual Studio Solution File, Format Version 12.00
# Visual Studio Version 17
VisualStudioVersion = 17.6.33829.357
MinimumVisualStudioVersion = 10.0.40219.1
Project("{2150E333-8FDC-42A3-9474-1A3956D46DE8}") = "SRC", "SRC", "{75428483-7D37-4CEB-9CC1-134773974795}"
EndProject
Project("{2150E333-8FDC-42A3-9474-1A3956D46DE8}") = "TEST", "TEST", "{131EB2C3-E65F-4779-B22D-F5B81164CA22}"
EndProject
Project("{9A19103F-16F7-4668-BE54-9A1E7A4F7556}") = "WebApi.EndPoint.Test", "WebApi.EndPoint.Test\WebApi.EndPoint.Test.csproj", "{78FDAA66-CB3C-4277-9029-FEA6F5FBA35B}"
EndProject
Project("{9A19103F-16F7-4668-BE54-9A1E7A4F7556}") = "Infrastructure.Library", "Infrastructure.Library\Infrastructure.Library.csproj", "{7E1FE649-478C-4345-BEFA-1DFA41596EDF}"
EndProject
Project("{9A19103F-16F7-4668-BE54-9A1E7A4F7556}") = "Domain.Library", "Domain.Library\Domain.Library.csproj", "{6E70501E-E3CF-43F4-8F40-9795114AA6A9}"
EndProject
Project("{9A19103F-16F7-4668-BE54-9A1E7A4F7556}") = "Application.Library", "Application.Library\Application.Library.csproj", "{F59C8518-E4DD-4ED0-B48F-BAB3C01A4D59}"
EndProject
Project("{2150E333-8FDC-42A3-9474-1A3956D46DE8}") = "DOC", "DOC", "{476522A9-84B0-4F31-8010-5B75513C4254}"
EndProject
Project("{9A19103F-16F7-4668-BE54-9A1E7A4F7556}") = "Documentation.Library", "Documentation.Library\Documentation.Library.csproj", "{674B873A-3BD9-4A5D-93CA-99A52D73BC95}"
EndProject
Project("{2150E333-8FDC-42A3-9474-1A3956D46DE8}") = "ExternalKernel", "ExternalKernel", "{33E53200-DAC8-45E7-8920-FD12733BAE8D}"
EndProject
Project("{9A19103F-16F7-4668-BE54-9A1E7A4F7556}") = "WebApi", "WebApi\WebApi.csproj", "{FAB55ACA-D6C3-4E1E-AAF9-F289E8126CCA}"
EndProject
Project("{9A19103F-16F7-4668-BE54-9A1E7A4F7556}") = "OpenId.IdentityServer", "OpenId.IdentityServer\OpenId.IdentityServer.csproj", "{607B8D4B-8484-4F7B-BEB4-8E0A915C6618}"
EndProject
Project("{9A19103F-16F7-4668-BE54-9A1E7A4F7556}") = "External.Provider", "ExternalKernel\External.Provider\External.Provider.csproj", "{D9711E75-3044-49EB-91BF-EF7C20466778}"
EndProject
Project("{9A19103F-16F7-4668-BE54-9A1E7A4F7556}") = "External.Provider.Client", "ExternalKernel\External.Provider.Client\External.Provider.Client.csproj", "{8339349B-9AA5-40B3-8148-9819D27990AE}"
EndProject
Project("{2150E333-8FDC-42A3-9474-1A3956D46DE8}") = "Provider", "Provider", "{8552B182-6B38-43ED-B7D1-E6038C086FC8}"
EndProject
Project("{FAE04EC0-301F-11D3-BF4B-00C04F79EFBC}") = "IoC", "IoC\IoC.csproj", "{A24642A1-7D5C-4481-986D-417BF46B8837}"
EndProject
Global
	GlobalSection(SolutionConfigurationPlatforms) = preSolution
		Debug|Any CPU = Debug|Any CPU
		Release|Any CPU = Release|Any CPU
	EndGlobalSection
	GlobalSection(ProjectConfigurationPlatforms) = postSolution
		{78FDAA66-CB3C-4277-9029-FEA6F5FBA35B}.Debug|Any CPU.ActiveCfg = Debug|Any CPU
		{78FDAA66-CB3C-4277-9029-FEA6F5FBA35B}.Debug|Any CPU.Build.0 = Debug|Any CPU
		{78FDAA66-CB3C-4277-9029-FEA6F5FBA35B}.Release|Any CPU.ActiveCfg = Release|Any CPU
		{78FDAA66-CB3C-4277-9029-FEA6F5FBA35B}.Release|Any CPU.Build.0 = Release|Any CPU
		{7E1FE649-478C-4345-BEFA-1DFA41596EDF}.Debug|Any CPU.ActiveCfg = Debug|Any CPU
		{7E1FE649-478C-4345-BEFA-1DFA41596EDF}.Debug|Any CPU.Build.0 = Debug|Any CPU
		{7E1FE649-478C-4345-BEFA-1DFA41596EDF}.Release|Any CPU.ActiveCfg = Release|Any CPU
		{7E1FE649-478C-4345-BEFA-1DFA41596EDF}.Release|Any CPU.Build.0 = Release|Any CPU
		{6E70501E-E3CF-43F4-8F40-9795114AA6A9}.Debug|Any CPU.ActiveCfg = Debug|Any CPU
		{6E70501E-E3CF-43F4-8F40-9795114AA6A9}.Debug|Any CPU.Build.0 = Debug|Any CPU
		{6E70501E-E3CF-43F4-8F40-9795114AA6A9}.Release|Any CPU.ActiveCfg = Release|Any CPU
		{6E70501E-E3CF-43F4-8F40-9795114AA6A9}.Release|Any CPU.Build.0 = Release|Any CPU
		{F59C8518-E4DD-4ED0-B48F-BAB3C01A4D59}.Debug|Any CPU.ActiveCfg = Debug|Any CPU
		{F59C8518-E4DD-4ED0-B48F-BAB3C01A4D59}.Debug|Any CPU.Build.0 = Debug|Any CPU
		{F59C8518-E4DD-4ED0-B48F-BAB3C01A4D59}.Release|Any CPU.ActiveCfg = Release|Any CPU
		{F59C8518-E4DD-4ED0-B48F-BAB3C01A4D59}.Release|Any CPU.Build.0 = Release|Any CPU
		{674B873A-3BD9-4A5D-93CA-99A52D73BC95}.Debug|Any CPU.ActiveCfg = Debug|Any CPU
		{674B873A-3BD9-4A5D-93CA-99A52D73BC95}.Debug|Any CPU.Build.0 = Debug|Any CPU
		{674B873A-3BD9-4A5D-93CA-99A52D73BC95}.Release|Any CPU.ActiveCfg = Release|Any CPU
		{674B873A-3BD9-4A5D-93CA-99A52D73BC95}.Release|Any CPU.Build.0 = Release|Any CPU
		{FAB55ACA-D6C3-4E1E-AAF9-F289E8126CCA}.Debug|Any CPU.ActiveCfg = Debug|Any CPU
		{FAB55ACA-D6C3-4E1E-AAF9-F289E8126CCA}.Debug|Any CPU.Build.0 = Debug|Any CPU
		{FAB55ACA-D6C3-4E1E-AAF9-F289E8126CCA}.Release|Any CPU.ActiveCfg = Release|Any CPU
		{FAB55ACA-D6C3-4E1E-AAF9-F289E8126CCA}.Release|Any CPU.Build.0 = Release|Any CPU
		{607B8D4B-8484-4F7B-BEB4-8E0A915C6618}.Debug|Any CPU.ActiveCfg = Debug|Any CPU
		{607B8D4B-8484-4F7B-BEB4-8E0A915C6618}.Debug|Any CPU.Build.0 = Debug|Any CPU
		{607B8D4B-8484-4F7B-BEB4-8E0A915C6618}.Release|Any CPU.ActiveCfg = Release|Any CPU
		{607B8D4B-8484-4F7B-BEB4-8E0A915C6618}.Release|Any CPU.Build.0 = Release|Any CPU
		{D9711E75-3044-49EB-91BF-EF7C20466778}.Debug|Any CPU.ActiveCfg = Debug|Any CPU
		{D9711E75-3044-49EB-91BF-EF7C20466778}.Debug|Any CPU.Build.0 = Debug|Any CPU
		{D9711E75-3044-49EB-91BF-EF7C20466778}.Release|Any CPU.ActiveCfg = Release|Any CPU
		{D9711E75-3044-49EB-91BF-EF7C20466778}.Release|Any CPU.Build.0 = Release|Any CPU
		{8339349B-9AA5-40B3-8148-9819D27990AE}.Debug|Any CPU.ActiveCfg = Debug|Any CPU
		{8339349B-9AA5-40B3-8148-9819D27990AE}.Debug|Any CPU.Build.0 = Debug|Any CPU
		{8339349B-9AA5-40B3-8148-9819D27990AE}.Release|Any CPU.ActiveCfg = Release|Any CPU
		{8339349B-9AA5-40B3-8148-9819D27990AE}.Release|Any CPU.Build.0 = Release|Any CPU
		{A24642A1-7D5C-4481-986D-417BF46B8837}.Debug|Any CPU.ActiveCfg = Debug|Any CPU
		{A24642A1-7D5C-4481-986D-417BF46B8837}.Debug|Any CPU.Build.0 = Debug|Any CPU
		{A24642A1-7D5C-4481-986D-417BF46B8837}.Release|Any CPU.ActiveCfg = Release|Any CPU
		{A24642A1-7D5C-4481-986D-417BF46B8837}.Release|Any CPU.Build.0 = Release|Any CPU
	EndGlobalSection
	GlobalSection(SolutionProperties) = preSolution
		HideSolutionNode = FALSE
	EndGlobalSection
	GlobalSection(NestedProjects) = preSolution
		{78FDAA66-CB3C-4277-9029-FEA6F5FBA35B} = {131EB2C3-E65F-4779-B22D-F5B81164CA22}
		{7E1FE649-478C-4345-BEFA-1DFA41596EDF} = {75428483-7D37-4CEB-9CC1-134773974795}
		{6E70501E-E3CF-43F4-8F40-9795114AA6A9} = {75428483-7D37-4CEB-9CC1-134773974795}
		{F59C8518-E4DD-4ED0-B48F-BAB3C01A4D59} = {75428483-7D37-4CEB-9CC1-134773974795}
		{674B873A-3BD9-4A5D-93CA-99A52D73BC95} = {476522A9-84B0-4F31-8010-5B75513C4254}
		{FAB55ACA-D6C3-4E1E-AAF9-F289E8126CCA} = {75428483-7D37-4CEB-9CC1-134773974795}
		{607B8D4B-8484-4F7B-BEB4-8E0A915C6618} = {33E53200-DAC8-45E7-8920-FD12733BAE8D}
		{D9711E75-3044-49EB-91BF-EF7C20466778} = {33E53200-DAC8-45E7-8920-FD12733BAE8D}
		{8339349B-9AA5-40B3-8148-9819D27990AE} = {33E53200-DAC8-45E7-8920-FD12733BAE8D}
		{8552B182-6B38-43ED-B7D1-E6038C086FC8} = {75428483-7D37-4CEB-9CC1-134773974795}
		{A24642A1-7D5C-4481-986D-417BF46B8837} = {8552B182-6B38-43ED-B7D1-E6038C086FC8}
	EndGlobalSection
	GlobalSection(ExtensibilityGlobals) = postSolution
		SolutionGuid = {FAF885AA-A2F0-4234-9489-643C61CFC37A}
	EndGlobalSection
EndGlobal
