
Microsoft Visual Studio Solution File, Format Version 12.00
# Visual Studio Version 17
VisualStudioVersion = 17.4.33213.308
MinimumVisualStudioVersion = 10.0.40219.1
Project("{9A19103F-16F7-4668-BE54-9A1E7A4F7556}") = "InfrastructureService", "InfrastructureService\InfrastructureService.csproj", "{58EB0200-DDCC-4B94-AF01-3F79541018CE}"
EndProject
Project("{2150E333-8FDC-42A3-9474-1A3956D46DE8}") = "SRC", "SRC", "{A335BA71-B449-40AC-8F28-0750512EA986}"
EndProject
Project("{2150E333-8FDC-42A3-9474-1A3956D46DE8}") = "TEST", "TEST", "{BADCA60D-C928-4261-B983-213B8CCD20EE}"
EndProject
Project("{2150E333-8FDC-42A3-9474-1A3956D46DE8}") = "Presentation", "Presentation", "{E0B3C2C8-E7E2-4F4B-9373-BE0F158C16EF}"
EndProject
Project("{2150E333-8FDC-42A3-9474-1A3956D46DE8}") = "Core", "Core", "{D95C6AAE-1778-4002-9C4B-2DA06A6FED30}"
EndProject
Project("{FAE04EC0-301F-11D3-BF4B-00C04F79EFBC}") = "DomianLibrary", "DomianLibrary\DomianLibrary.csproj", "{FFD8BF43-B138-407E-88F6-9923F78531AF}"
EndProject
Project("{FAE04EC0-301F-11D3-BF4B-00C04F79EFBC}") = "ApplicationLibrary", "ApplicationLibrary\ApplicationLibrary.csproj", "{693145EB-D8E5-4160-B907-C328E731D512}"
EndProject
Project("{2150E333-8FDC-42A3-9474-1A3956D46DE8}") = "InfrastructureLibrary", "InfrastructureLibrary", "{8369163A-0CD3-4558-B8FC-CB85D8D2FDFA}"
EndProject
Project("{2150E333-8FDC-42A3-9474-1A3956D46DE8}") = "Common", "Common", "{7D56BEFE-32AE-4992-BB92-AE787DF8F16F}"
EndProject
Project("{FAE04EC0-301F-11D3-BF4B-00C04F79EFBC}") = "InfrastractureLibrary", "InfrastractureLibrary\InfrastractureLibrary.csproj", "{1B4B585A-49C6-4B26-B24F-591C00E050A7}"
EndProject
Project("{FAE04EC0-301F-11D3-BF4B-00C04F79EFBC}") = "PersistanceLibrary", "PersistanceLibrary\PersistanceLibrary.csproj", "{FC56100E-F511-4B4B-AD93-2CC3C39A5F68}"
EndProject
Project("{FAE04EC0-301F-11D3-BF4B-00C04F79EFBC}") = "CommonLibrary", "CommonLibrary\CommonLibrary.csproj", "{CFCEC1EF-F068-44F3-9481-EE64EC546092}"
EndProject
Global
	GlobalSection(SolutionConfigurationPlatforms) = preSolution
		Debug|Any CPU = Debug|Any CPU
		Release|Any CPU = Release|Any CPU
	EndGlobalSection
	GlobalSection(ProjectConfigurationPlatforms) = postSolution
		{58EB0200-DDCC-4B94-AF01-3F79541018CE}.Debug|Any CPU.ActiveCfg = Debug|Any CPU
		{58EB0200-DDCC-4B94-AF01-3F79541018CE}.Debug|Any CPU.Build.0 = Debug|Any CPU
		{58EB0200-DDCC-4B94-AF01-3F79541018CE}.Release|Any CPU.ActiveCfg = Release|Any CPU
		{58EB0200-DDCC-4B94-AF01-3F79541018CE}.Release|Any CPU.Build.0 = Release|Any CPU
		{FFD8BF43-B138-407E-88F6-9923F78531AF}.Debug|Any CPU.ActiveCfg = Debug|Any CPU
		{FFD8BF43-B138-407E-88F6-9923F78531AF}.Debug|Any CPU.Build.0 = Debug|Any CPU
		{FFD8BF43-B138-407E-88F6-9923F78531AF}.Release|Any CPU.ActiveCfg = Release|Any CPU
		{FFD8BF43-B138-407E-88F6-9923F78531AF}.Release|Any CPU.Build.0 = Release|Any CPU
		{693145EB-D8E5-4160-B907-C328E731D512}.Debug|Any CPU.ActiveCfg = Debug|Any CPU
		{693145EB-D8E5-4160-B907-C328E731D512}.Debug|Any CPU.Build.0 = Debug|Any CPU
		{693145EB-D8E5-4160-B907-C328E731D512}.Release|Any CPU.ActiveCfg = Release|Any CPU
		{693145EB-D8E5-4160-B907-C328E731D512}.Release|Any CPU.Build.0 = Release|Any CPU
		{1B4B585A-49C6-4B26-B24F-591C00E050A7}.Debug|Any CPU.ActiveCfg = Debug|Any CPU
		{1B4B585A-49C6-4B26-B24F-591C00E050A7}.Debug|Any CPU.Build.0 = Debug|Any CPU
		{1B4B585A-49C6-4B26-B24F-591C00E050A7}.Release|Any CPU.ActiveCfg = Release|Any CPU
		{1B4B585A-49C6-4B26-B24F-591C00E050A7}.Release|Any CPU.Build.0 = Release|Any CPU
		{FC56100E-F511-4B4B-AD93-2CC3C39A5F68}.Debug|Any CPU.ActiveCfg = Debug|Any CPU
		{FC56100E-F511-4B4B-AD93-2CC3C39A5F68}.Debug|Any CPU.Build.0 = Debug|Any CPU
		{FC56100E-F511-4B4B-AD93-2CC3C39A5F68}.Release|Any CPU.ActiveCfg = Release|Any CPU
		{FC56100E-F511-4B4B-AD93-2CC3C39A5F68}.Release|Any CPU.Build.0 = Release|Any CPU
		{CFCEC1EF-F068-44F3-9481-EE64EC546092}.Debug|Any CPU.ActiveCfg = Debug|Any CPU
		{CFCEC1EF-F068-44F3-9481-EE64EC546092}.Debug|Any CPU.Build.0 = Debug|Any CPU
		{CFCEC1EF-F068-44F3-9481-EE64EC546092}.Release|Any CPU.ActiveCfg = Release|Any CPU
		{CFCEC1EF-F068-44F3-9481-EE64EC546092}.Release|Any CPU.Build.0 = Release|Any CPU
	EndGlobalSection
	GlobalSection(SolutionProperties) = preSolution
		HideSolutionNode = FALSE
	EndGlobalSection
	GlobalSection(NestedProjects) = preSolution
		{58EB0200-DDCC-4B94-AF01-3F79541018CE} = {E0B3C2C8-E7E2-4F4B-9373-BE0F158C16EF}
		{E0B3C2C8-E7E2-4F4B-9373-BE0F158C16EF} = {A335BA71-B449-40AC-8F28-0750512EA986}
		{D95C6AAE-1778-4002-9C4B-2DA06A6FED30} = {A335BA71-B449-40AC-8F28-0750512EA986}
		{FFD8BF43-B138-407E-88F6-9923F78531AF} = {D95C6AAE-1778-4002-9C4B-2DA06A6FED30}
		{693145EB-D8E5-4160-B907-C328E731D512} = {D95C6AAE-1778-4002-9C4B-2DA06A6FED30}
		{8369163A-0CD3-4558-B8FC-CB85D8D2FDFA} = {A335BA71-B449-40AC-8F28-0750512EA986}
		{7D56BEFE-32AE-4992-BB92-AE787DF8F16F} = {A335BA71-B449-40AC-8F28-0750512EA986}
		{1B4B585A-49C6-4B26-B24F-591C00E050A7} = {8369163A-0CD3-4558-B8FC-CB85D8D2FDFA}
		{FC56100E-F511-4B4B-AD93-2CC3C39A5F68} = {8369163A-0CD3-4558-B8FC-CB85D8D2FDFA}
		{CFCEC1EF-F068-44F3-9481-EE64EC546092} = {7D56BEFE-32AE-4992-BB92-AE787DF8F16F}
	EndGlobalSection
	GlobalSection(ExtensibilityGlobals) = postSolution
		SolutionGuid = {611004E8-FA3E-4ACD-BBA7-A6A89AE1105D}
	EndGlobalSection
EndGlobal
