
Microsoft Visual Studio Solution File, Format Version 12.00
# Visual Studio Version 17
VisualStudioVersion = 17.4.33213.308
MinimumVisualStudioVersion = 10.0.40219.1
Project("{FAE04EC0-301F-11D3-BF4B-00C04F79EFBC}") = "WEB.API", "WEB.API\WEB.API.csproj", "{972A2908-40DE-42F0-B37A-E4D39E68827B}"
EndProject
Project("{FAE04EC0-301F-11D3-BF4B-00C04F79EFBC}") = "Domain.Library", "Domain.Library\Domain.Library.csproj", "{0DBEADB9-D5BB-4FBA-A649-3B9C6CED2210}"
EndProject
Project("{FAE04EC0-301F-11D3-BF4B-00C04F79EFBC}") = "Application.Library", "Application.Library\Application.Library.csproj", "{2CE4111D-A683-49BE-A66E-26DC9DB6E96B}"
EndProject
Project("{FAE04EC0-301F-11D3-BF4B-00C04F79EFBC}") = "Infrastructure.Library", "Infrastructure.Library\Infrastructure.Library.csproj", "{CAFC919D-CF3C-4F88-AC0C-9EC11DFF234D}"
EndProject
Global
	GlobalSection(SolutionConfigurationPlatforms) = preSolution
		Debug|Any CPU = Debug|Any CPU
		Release|Any CPU = Release|Any CPU
	EndGlobalSection
	GlobalSection(ProjectConfigurationPlatforms) = postSolution
		{972A2908-40DE-42F0-B37A-E4D39E68827B}.Debug|Any CPU.ActiveCfg = Debug|Any CPU
		{972A2908-40DE-42F0-B37A-E4D39E68827B}.Debug|Any CPU.Build.0 = Debug|Any CPU
		{972A2908-40DE-42F0-B37A-E4D39E68827B}.Release|Any CPU.ActiveCfg = Release|Any CPU
		{972A2908-40DE-42F0-B37A-E4D39E68827B}.Release|Any CPU.Build.0 = Release|Any CPU
		{0DBEADB9-D5BB-4FBA-A649-3B9C6CED2210}.Debug|Any CPU.ActiveCfg = Debug|Any CPU
		{0DBEADB9-D5BB-4FBA-A649-3B9C6CED2210}.Debug|Any CPU.Build.0 = Debug|Any CPU
		{0DBEADB9-D5BB-4FBA-A649-3B9C6CED2210}.Release|Any CPU.ActiveCfg = Release|Any CPU
		{0DBEADB9-D5BB-4FBA-A649-3B9C6CED2210}.Release|Any CPU.Build.0 = Release|Any CPU
		{2CE4111D-A683-49BE-A66E-26DC9DB6E96B}.Debug|Any CPU.ActiveCfg = Debug|Any CPU
		{2CE4111D-A683-49BE-A66E-26DC9DB6E96B}.Debug|Any CPU.Build.0 = Debug|Any CPU
		{2CE4111D-A683-49BE-A66E-26DC9DB6E96B}.Release|Any CPU.ActiveCfg = Release|Any CPU
		{2CE4111D-A683-49BE-A66E-26DC9DB6E96B}.Release|Any CPU.Build.0 = Release|Any CPU
		{CAFC919D-CF3C-4F88-AC0C-9EC11DFF234D}.Debug|Any CPU.ActiveCfg = Debug|Any CPU
		{CAFC919D-CF3C-4F88-AC0C-9EC11DFF234D}.Debug|Any CPU.Build.0 = Debug|Any CPU
		{CAFC919D-CF3C-4F88-AC0C-9EC11DFF234D}.Release|Any CPU.ActiveCfg = Release|Any CPU
		{CAFC919D-CF3C-4F88-AC0C-9EC11DFF234D}.Release|Any CPU.Build.0 = Release|Any CPU
	EndGlobalSection
	GlobalSection(SolutionProperties) = preSolution
		HideSolutionNode = FALSE
	EndGlobalSection
	GlobalSection(ExtensibilityGlobals) = postSolution
		SolutionGuid = {793CCB12-3B26-4978-A08C-04452B2238C4}
	EndGlobalSection
EndGlobal
